
Microsoft Visual Studio Solution File, Format Version 12.00
# Visual Studio 15
VisualStudioVersion = 15.0.28010.2003
MinimumVisualStudioVersion = 10.0.40219.1
Project("{FAE04EC0-301F-11D3-BF4B-00C04F79EFBC}") = "CopierTests", "CopierTests\CopierTests.csproj", "{875F989E-39CD-4EA5-8C6D-0F21AAC8F642}"
EndProject
Project("{FAE04EC0-301F-11D3-BF4B-00C04F79EFBC}") = "CopierProject", "..\CopierProject\CopierProject.csproj", "{741A5EF3-033F-49F0-83FB-DD9E21D6D463}"
EndProject
Global
	GlobalSection(SolutionConfigurationPlatforms) = preSolution
		Debug|Any CPU = Debug|Any CPU
		Release|Any CPU = Release|Any CPU
	EndGlobalSection
	GlobalSection(ProjectConfigurationPlatforms) = postSolution
		{875F989E-39CD-4EA5-8C6D-0F21AAC8F642}.Debug|Any CPU.ActiveCfg = Debug|Any CPU
		{875F989E-39CD-4EA5-8C6D-0F21AAC8F642}.Debug|Any CPU.Build.0 = Debug|Any CPU
		{875F989E-39CD-4EA5-8C6D-0F21AAC8F642}.Release|Any CPU.ActiveCfg = Release|Any CPU
		{875F989E-39CD-4EA5-8C6D-0F21AAC8F642}.Release|Any CPU.Build.0 = Release|Any CPU
		{741A5EF3-033F-49F0-83FB-DD9E21D6D463}.Debug|Any CPU.ActiveCfg = Debug|Any CPU
		{741A5EF3-033F-49F0-83FB-DD9E21D6D463}.Debug|Any CPU.Build.0 = Debug|Any CPU
		{741A5EF3-033F-49F0-83FB-DD9E21D6D463}.Release|Any CPU.ActiveCfg = Release|Any CPU
		{741A5EF3-033F-49F0-83FB-DD9E21D6D463}.Release|Any CPU.Build.0 = Release|Any CPU
	EndGlobalSection
	GlobalSection(SolutionProperties) = preSolution
		HideSolutionNode = FALSE
	EndGlobalSection
	GlobalSection(ExtensibilityGlobals) = postSolution
		SolutionGuid = {BD7CBA65-CB41-4D6C-812A-F0572212A2A2}
	EndGlobalSection
EndGlobal
